<?xml version="1.0" encoding="utf-8"?>
<Project ToolsVersion="4.0" xmlns="http://schemas.microsoft.com/developer/msbuild/2003">
  <ItemGroup>
    <Filter Include="Sort">
      <UniqueIdentifier>{fe39b081-0d0f-4d26-8b5d-acfc0ea4b74c}</UniqueIdentifier>
    </Filter>
    <Filter Include="Sort\Merge sort">
      <UniqueIdentifier>{cff5cc6b-b361-4a37-b2a9-7950e1d0a817}</UniqueIdentifier>
    </Filter>
    <Filter Include="test">
      <UniqueIdentifier>{dd12cfac-2d64-4384-a0c8-b0011815053b}</UniqueIdentifier>
    </Filter>
    <Filter Include="Sort\Tim sort">
      <UniqueIdentifier>{e7615af4-fc81-4a61-8fd0-d07d3770b036}</UniqueIdentifier>
    </Filter>
    <Filter Include="common">
      <UniqueIdentifier>{c3547dde-d956-4b14-9eb5-3c3270a3d3c2}</UniqueIdentifier>
    </Filter>
    <Filter Include="Sort\Heap sort">
      <UniqueIdentifier>{2b1a58ef-7d48-4f64-9fa5-250e6fabb733}</UniqueIdentifier>
    </Filter>
    <Filter Include="Sort\Quick sort">
      <UniqueIdentifier>{d8a53b67-b8f1-4ae2-8f62-8d872bcbaa29}</UniqueIdentifier>
    </Filter>
    <Filter Include="Sort\Insertion sort">
      <UniqueIdentifier>{65d09462-efc4-4d40-96de-9e0d1e3a9d4c}</UniqueIdentifier>
    </Filter>
    <Filter Include="Sort\Bubble sort">
      <UniqueIdentifier>{98038293-9b46-4aed-a198-ca21703450e7}</UniqueIdentifier>
    </Filter>
    <Filter Include="Sort\Selection sort">
      <UniqueIdentifier>{f580b66b-d0d2-4d8c-9302-e29dcf26503f}</UniqueIdentifier>
    </Filter>
  </ItemGroup>
  <ItemGroup>
    <ClInclude Include="mergesort.h">
      <Filter>Sort\Merge sort</Filter>
    </ClInclude>
    <ClInclude Include="timsort.h">
      <Filter>Sort\Tim sort</Filter>
    </ClInclude>
    <ClInclude Include="sorttypes.h">
      <Filter>common</Filter>
    </ClInclude>
    <ClInclude Include="heapsort.h">
      <Filter>Sort\Heap sort</Filter>
    </ClInclude>
    <ClInclude Include="quicksort.h">
      <Filter>Sort\Quick sort</Filter>
    </ClInclude>
    <ClInclude Include="dualpivot.h">
      <Filter>Sort\Quick sort</Filter>
    </ClInclude>
    <ClInclude Include="sortutils.h">
      <Filter>common</Filter>
    </ClInclude>
    <ClInclude Include="insertionsort.h">
      <Filter>Sort\Insertion sort</Filter>
    </ClInclude>
    <ClInclude Include="bubblesort.h">
      <Filter>Sort\Bubble sort</Filter>
    </ClInclude>
    <ClInclude Include="selectionsort.h">
      <Filter>Sort\Selection sort</Filter>
    </ClInclude>
    <ClInclude Include="sorttest.h">
      <Filter>test</Filter>
    </ClInclude>
  </ItemGroup>
  <ItemGroup>
    <ClCompile Include="mergesort.c">
      <Filter>Sort\Merge sort</Filter>
    </ClCompile>
    <ClCompile Include="sorttest.c">
      <Filter>test</Filter>
    </ClCompile>
    <ClCompile Include="timsort.c">
      <Filter>Sort\Tim sort</Filter>
    </ClCompile>
    <ClCompile Include="heapsort.c">
      <Filter>Sort\Heap sort</Filter>
    </ClCompile>
    <ClCompile Include="dualpivot.c">
      <Filter>Sort\Quick sort</Filter>
    </ClCompile>
    <ClCompile Include="quicksort.c">
      <Filter>Sort\Quick sort</Filter>
    </ClCompile>
    <ClCompile Include="sortutils.c">
      <Filter>common</Filter>
    </ClCompile>
    <ClCompile Include="insertionsort.c">
      <Filter>Sort\Insertion sort</Filter>
    </ClCompile>
    <ClCompile Include="bubblesort.c">
      <Filter>Sort\Bubble sort</Filter>
    </ClCompile>
    <ClCompile Include="selectionsort.c">
      <Filter>Sort\Selection sort</Filter>
    </ClCompile>
    <ClCompile Include="main.c">
      <Filter>test</Filter>
    </ClCompile>
  </ItemGroup>
</Project>